
Microsoft Visual Studio Solution File, Format Version 12.00
# Visual Studio Version 16
VisualStudioVersion = 16.0.30330.147
MinimumVisualStudioVersion = 10.0.40219.1
Project("{FAE04EC0-301F-11D3-BF4B-00C04F79EFBC}") = "DataCollect", "DataCollect.csproj", "{02435118-57EF-42A3-A283-F106D547938D}"
EndProject
Global
	GlobalSection(SolutionConfigurationPlatforms) = preSolution
		Debug|Any CPU = Debug|Any CPU
		Release|Any CPU = Release|Any CPU
	EndGlobalSection
	GlobalSection(ProjectConfigurationPlatforms) = postSolution
		{02435118-57EF-42A3-A283-F106D547938D}.Debug|Any CPU.ActiveCfg = Debug|Any CPU
		{02435118-57EF-42A3-A283-F106D547938D}.Debug|Any CPU.Build.0 = Debug|Any CPU
		{02435118-57EF-42A3-A283-F106D547938D}.Release|Any CPU.ActiveCfg = Release|Any CPU
		{02435118-57EF-42A3-A283-F106D547938D}.Release|Any CPU.Build.0 = Release|Any CPU
	EndGlobalSection
	GlobalSection(SolutionProperties) = preSolution
		HideSolutionNode = FALSE
	EndGlobalSection
	GlobalSection(ExtensibilityGlobals) = postSolution
		SolutionGuid = {59B2F398-50A7-4E6C-882C-F8743B7194A3}
	EndGlobalSection
EndGlobal
